// !$*UTF8*$!
{
	archiveVersion = 1;
	classes = {
	};
	objectVersion = 50;
	objects = {

/* Begin PBXBuildFile section */
		36007453263AB73100C53715 /* TideAppApp.swift in Sources */ = {isa = PBXBuildFile; fileRef = 36007452263AB73100C53715 /* TideAppApp.swift */; };
		36007455263AB73100C53715 /* ContentView.swift in Sources */ = {isa = PBXBuildFile; fileRef = 36007454263AB73100C53715 /* ContentView.swift */; };
		36007457263AB73300C53715 /* Assets.xcassets in Resources */ = {isa = PBXBuildFile; fileRef = 36007456263AB73300C53715 /* Assets.xcassets */; };
		3600745A263AB73300C53715 /* Preview Assets.xcassets in Resources */ = {isa = PBXBuildFile; fileRef = 36007459263AB73300C53715 /* Preview Assets.xcassets */; };
		36007465263AB73400C53715 /* TideAppTests.swift in Sources */ = {isa = PBXBuildFile; fileRef = 36007464263AB73400C53715 /* TideAppTests.swift */; };
		36007470263AB73400C53715 /* TideAppUITests.swift in Sources */ = {isa = PBXBuildFile; fileRef = 3600746F263AB73400C53715 /* TideAppUITests.swift */; };
		909BA5CD264171E1000FFBD5 /* AppConfig.swift in Sources */ = {isa = PBXBuildFile; fileRef = 909BA5C4264171E1000FFBD5 /* AppConfig.swift */; };
		909BA5D0264171E1000FFBD5 /* Config.plist in Resources */ = {isa = PBXBuildFile; fileRef = 909BA5C8264171E1000FFBD5 /* Config.plist */; };
/* End PBXBuildFile section */

/* Begin PBXContainerItemProxy section */
		36007461263AB73400C53715 /* PBXContainerItemProxy */ = {
			isa = PBXContainerItemProxy;
			containerPortal = 36007447263AB73100C53715 /* Project object */;
			proxyType = 1;
			remoteGlobalIDString = 3600744E263AB73100C53715;
			remoteInfo = TideApp;
		};
		3600746C263AB73400C53715 /* PBXContainerItemProxy */ = {
			isa = PBXContainerItemProxy;
			containerPortal = 36007447263AB73100C53715 /* Project object */;
			proxyType = 1;
			remoteGlobalIDString = 3600744E263AB73100C53715;
			remoteInfo = TideApp;
		};
/* End PBXContainerItemProxy section */

/* Begin PBXFileReference section */
		3600744F263AB73100C53715 /* TideApp.app */ = {isa = PBXFileReference; explicitFileType = wrapper.application; includeInIndex = 0; path = TideApp.app; sourceTree = BUILT_PRODUCTS_DIR; };
		36007452263AB73100C53715 /* TideAppApp.swift */ = {isa = PBXFileReference; lastKnownFileType = sourcecode.swift; path = TideAppApp.swift; sourceTree = "<group>"; };
		36007454263AB73100C53715 /* ContentView.swift */ = {isa = PBXFileReference; lastKnownFileType = sourcecode.swift; path = ContentView.swift; sourceTree = "<group>"; };
		36007456263AB73300C53715 /* Assets.xcassets */ = {isa = PBXFileReference; lastKnownFileType = folder.assetcatalog; path = Assets.xcassets; sourceTree = "<group>"; };
		36007459263AB73300C53715 /* Preview Assets.xcassets */ = {isa = PBXFileReference; lastKnownFileType = folder.assetcatalog; path = "Preview Assets.xcassets"; sourceTree = "<group>"; };
		3600745B263AB73300C53715 /* Info.plist */ = {isa = PBXFileReference; lastKnownFileType = text.plist.xml; path = Info.plist; sourceTree = "<group>"; };
		36007460263AB73400C53715 /* TideAppTests.xctest */ = {isa = PBXFileReference; explicitFileType = wrapper.cfbundle; includeInIndex = 0; path = TideAppTests.xctest; sourceTree = BUILT_PRODUCTS_DIR; };
		36007464263AB73400C53715 /* TideAppTests.swift */ = {isa = PBXFileReference; lastKnownFileType = sourcecode.swift; path = TideAppTests.swift; sourceTree = "<group>"; };
		36007466263AB73400C53715 /* Info.plist */ = {isa = PBXFileReference; lastKnownFileType = text.plist.xml; path = Info.plist; sourceTree = "<group>"; };
		3600746B263AB73400C53715 /* TideAppUITests.xctest */ = {isa = PBXFileReference; explicitFileType = wrapper.cfbundle; includeInIndex = 0; path = TideAppUITests.xctest; sourceTree = BUILT_PRODUCTS_DIR; };
		3600746F263AB73400C53715 /* TideAppUITests.swift */ = {isa = PBXFileReference; lastKnownFileType = sourcecode.swift; path = TideAppUITests.swift; sourceTree = "<group>"; };
		36007471263AB73400C53715 /* Info.plist */ = {isa = PBXFileReference; lastKnownFileType = text.plist.xml; path = Info.plist; sourceTree = "<group>"; };
		909BA5C4264171E1000FFBD5 /* AppConfig.swift */ = {isa = PBXFileReference; fileEncoding = 4; lastKnownFileType = sourcecode.swift; path = AppConfig.swift; sourceTree = "<group>"; };
		909BA5C6264171E1000FFBD5 /* Config-Mock.plist */ = {isa = PBXFileReference; fileEncoding = 4; lastKnownFileType = text.plist.xml; path = "Config-Mock.plist"; sourceTree = "<group>"; };
		909BA5C7264171E1000FFBD5 /* Mock.xcconfig */ = {isa = PBXFileReference; fileEncoding = 4; lastKnownFileType = text.xcconfig; path = Mock.xcconfig; sourceTree = "<group>"; };
		909BA5C8264171E1000FFBD5 /* Config.plist */ = {isa = PBXFileReference; fileEncoding = 4; lastKnownFileType = text.plist.xml; path = Config.plist; sourceTree = "<group>"; };
		909BA5CA264171E1000FFBD5 /* Config-Prod.plist */ = {isa = PBXFileReference; fileEncoding = 4; lastKnownFileType = text.plist.xml; path = "Config-Prod.plist"; sourceTree = "<group>"; };
		909BA5CB264171E1000FFBD5 /* Prod.xcconfig */ = {isa = PBXFileReference; fileEncoding = 4; lastKnownFileType = text.xcconfig; path = Prod.xcconfig; sourceTree = "<group>"; };
		909BA5CC264171E1000FFBD5 /* CommonConfig.xcconfig */ = {isa = PBXFileReference; fileEncoding = 4; lastKnownFileType = text.xcconfig; path = CommonConfig.xcconfig; sourceTree = "<group>"; };
/* End PBXFileReference section */

/* Begin PBXFrameworksBuildPhase section */
		3600744C263AB73100C53715 /* Frameworks */ = {
			isa = PBXFrameworksBuildPhase;
			buildActionMask = 2147483647;
			files = (
			);
			runOnlyForDeploymentPostprocessing = 0;
		};
		3600745D263AB73400C53715 /* Frameworks */ = {
			isa = PBXFrameworksBuildPhase;
			buildActionMask = 2147483647;
			files = (
			);
			runOnlyForDeploymentPostprocessing = 0;
		};
		36007468263AB73400C53715 /* Frameworks */ = {
			isa = PBXFrameworksBuildPhase;
			buildActionMask = 2147483647;
			files = (
			);
			runOnlyForDeploymentPostprocessing = 0;
		};
/* End PBXFrameworksBuildPhase section */

/* Begin PBXGroup section */
		36007446263AB73100C53715 = {
			isa = PBXGroup;
			children = (
				36007451263AB73100C53715 /* TideApp */,
				36007463263AB73400C53715 /* TideAppTests */,
				3600746E263AB73400C53715 /* TideAppUITests */,
				36007450263AB73100C53715 /* Products */,
			);
			sourceTree = "<group>";
		};
		36007450263AB73100C53715 /* Products */ = {
			isa = PBXGroup;
			children = (
				3600744F263AB73100C53715 /* TideApp.app */,
				36007460263AB73400C53715 /* TideAppTests.xctest */,
				3600746B263AB73400C53715 /* TideAppUITests.xctest */,
			);
			name = Products;
			sourceTree = "<group>";
		};
		36007451263AB73100C53715 /* TideApp */ = {
			isa = PBXGroup;
			children = (
				909BA5C12641715B000FFBD5 /* Configs */,
				36007452263AB73100C53715 /* TideAppApp.swift */,
				36007454263AB73100C53715 /* ContentView.swift */,
				36007456263AB73300C53715 /* Assets.xcassets */,
				36007458263AB73300C53715 /* Preview Content */,
			);
			path = TideApp;
			sourceTree = "<group>";
		};
		36007458263AB73300C53715 /* Preview Content */ = {
			isa = PBXGroup;
			children = (
				36007459263AB73300C53715 /* Preview Assets.xcassets */,
			);
			path = "Preview Content";
			sourceTree = "<group>";
		};
		36007463263AB73400C53715 /* TideAppTests */ = {
			isa = PBXGroup;
			children = (
				36007464263AB73400C53715 /* TideAppTests.swift */,
				36007466263AB73400C53715 /* Info.plist */,
			);
			path = TideAppTests;
			sourceTree = "<group>";
		};
		3600746E263AB73400C53715 /* TideAppUITests */ = {
			isa = PBXGroup;
			children = (
				3600746F263AB73400C53715 /* TideAppUITests.swift */,
				36007471263AB73400C53715 /* Info.plist */,
			);
			path = TideAppUITests;
			sourceTree = "<group>";
		};
		909BA5C12641715B000FFBD5 /* Configs */ = {
			isa = PBXGroup;
			children = (
				3600745B263AB73300C53715 /* Info.plist */,
				909BA5CC264171E1000FFBD5 /* CommonConfig.xcconfig */,
				909BA5C8264171E1000FFBD5 /* Config.plist */,
				909BA5C4264171E1000FFBD5 /* AppConfig.swift */,
				909BA5C5264171E1000FFBD5 /* Mock */,
				909BA5C9264171E1000FFBD5 /* Prod */,
			);
			path = Configs;
			sourceTree = "<group>";
		};
		909BA5C5264171E1000FFBD5 /* Mock */ = {
			isa = PBXGroup;
			children = (
				909BA5C6264171E1000FFBD5 /* Config-Mock.plist */,
				909BA5C7264171E1000FFBD5 /* Mock.xcconfig */,
			);
			path = Mock;
			sourceTree = "<group>";
		};
		909BA5C9264171E1000FFBD5 /* Prod */ = {
			isa = PBXGroup;
			children = (
				909BA5CA264171E1000FFBD5 /* Config-Prod.plist */,
				909BA5CB264171E1000FFBD5 /* Prod.xcconfig */,
			);
			path = Prod;
			sourceTree = "<group>";
		};
/* End PBXGroup section */

/* Begin PBXNativeTarget section */
		3600744E263AB73100C53715 /* TideApp */ = {
			isa = PBXNativeTarget;
			buildConfigurationList = 36007474263AB73400C53715 /* Build configuration list for PBXNativeTarget "TideApp" */;
			buildPhases = (
				909BA5D9264175B3000FFBD5 /* Config Copy Script */,
				3600744B263AB73100C53715 /* Sources */,
				3600744C263AB73100C53715 /* Frameworks */,
				3600744D263AB73100C53715 /* Resources */,
				909BA5DA264175D6000FFBD5 /* TODO FIXME as Warning Script */,
			);
			buildRules = (
			);
			dependencies = (
			);
			name = TideApp;
			productName = TideApp;
			productReference = 3600744F263AB73100C53715 /* TideApp.app */;
			productType = "com.apple.product-type.application";
		};
		3600745F263AB73400C53715 /* TideAppTests */ = {
			isa = PBXNativeTarget;
			buildConfigurationList = 36007477263AB73400C53715 /* Build configuration list for PBXNativeTarget "TideAppTests" */;
			buildPhases = (
				3600745C263AB73400C53715 /* Sources */,
				3600745D263AB73400C53715 /* Frameworks */,
				3600745E263AB73400C53715 /* Resources */,
			);
			buildRules = (
			);
			dependencies = (
				36007462263AB73400C53715 /* PBXTargetDependency */,
			);
			name = TideAppTests;
			productName = TideAppTests;
			productReference = 36007460263AB73400C53715 /* TideAppTests.xctest */;
			productType = "com.apple.product-type.bundle.unit-test";
		};
		3600746A263AB73400C53715 /* TideAppUITests */ = {
			isa = PBXNativeTarget;
			buildConfigurationList = 3600747A263AB73400C53715 /* Build configuration list for PBXNativeTarget "TideAppUITests" */;
			buildPhases = (
				36007467263AB73400C53715 /* Sources */,
				36007468263AB73400C53715 /* Frameworks */,
				36007469263AB73400C53715 /* Resources */,
			);
			buildRules = (
			);
			dependencies = (
				3600746D263AB73400C53715 /* PBXTargetDependency */,
			);
			name = TideAppUITests;
			productName = TideAppUITests;
			productReference = 3600746B263AB73400C53715 /* TideAppUITests.xctest */;
			productType = "com.apple.product-type.bundle.ui-testing";
		};
/* End PBXNativeTarget section */

/* Begin PBXProject section */
		36007447263AB73100C53715 /* Project object */ = {
			isa = PBXProject;
			attributes = {
				LastSwiftUpdateCheck = 1250;
				LastUpgradeCheck = 1250;
				TargetAttributes = {
					3600744E263AB73100C53715 = {
						CreatedOnToolsVersion = 12.5;
					};
					3600745F263AB73400C53715 = {
						CreatedOnToolsVersion = 12.5;
						TestTargetID = 3600744E263AB73100C53715;
					};
					3600746A263AB73400C53715 = {
						CreatedOnToolsVersion = 12.5;
						TestTargetID = 3600744E263AB73100C53715;
					};
				};
			};
			buildConfigurationList = 3600744A263AB73100C53715 /* Build configuration list for PBXProject "TideApp" */;
			compatibilityVersion = "Xcode 9.3";
			developmentRegion = en;
			hasScannedForEncodings = 0;
			knownRegions = (
				en,
				Base,
			);
			mainGroup = 36007446263AB73100C53715;
			productRefGroup = 36007450263AB73100C53715 /* Products */;
			projectDirPath = "";
			projectRoot = "";
			targets = (
				3600744E263AB73100C53715 /* TideApp */,
				3600745F263AB73400C53715 /* TideAppTests */,
				3600746A263AB73400C53715 /* TideAppUITests */,
			);
		};
/* End PBXProject section */

/* Begin PBXResourcesBuildPhase section */
		3600744D263AB73100C53715 /* Resources */ = {
			isa = PBXResourcesBuildPhase;
			buildActionMask = 2147483647;
			files = (
				3600745A263AB73300C53715 /* Preview Assets.xcassets in Resources */,
				909BA5D0264171E1000FFBD5 /* Config.plist in Resources */,
				36007457263AB73300C53715 /* Assets.xcassets in Resources */,
			);
			runOnlyForDeploymentPostprocessing = 0;
		};
		3600745E263AB73400C53715 /* Resources */ = {
			isa = PBXResourcesBuildPhase;
			buildActionMask = 2147483647;
			files = (
			);
			runOnlyForDeploymentPostprocessing = 0;
		};
		36007469263AB73400C53715 /* Resources */ = {
			isa = PBXResourcesBuildPhase;
			buildActionMask = 2147483647;
			files = (
			);
			runOnlyForDeploymentPostprocessing = 0;
		};
/* End PBXResourcesBuildPhase section */

/* Begin PBXShellScriptBuildPhase section */
		909BA5D9264175B3000FFBD5 /* Config Copy Script */ = {
			isa = PBXShellScriptBuildPhase;
			buildActionMask = 2147483647;
			files = (
			);
			inputFileListPaths = (
			);
			inputPaths = (
			);
			name = "Config Copy Script";
			outputFileListPaths = (
			);
			outputPaths = (
			);
			runOnlyForDeploymentPostprocessing = 0;
			shellPath = /bin/sh;
			shellScript = "cp -fp \"${SRCROOT}/TideApp/Configs/${XCC_CONFIG_PATH}\" \"${SRCROOT}/TideApp/Configs/Config.plist\"\n";
		};
		909BA5DA264175D6000FFBD5 /* TODO FIXME as Warning Script */ = {
			isa = PBXShellScriptBuildPhase;
			buildActionMask = 2147483647;
			files = (
			);
			inputFileListPaths = (
			);
			inputPaths = (
			);
			name = "TODO FIXME as Warning Script";
			outputFileListPaths = (
			);
			outputPaths = (
			);
			runOnlyForDeploymentPostprocessing = 0;
			shellPath = /bin/sh;
			shellScript = "TAGS=\"TODO:|FIXME:\"\nfind \"${SRCROOT}/../\" \\( -name \"*.h\" -or -name \"*.m\" -or -name \"*.swift\" \\) -print0 | xargs -0 egrep --with-filename --line-number --only-matching \"($TAGS).*\\$\" | perl -p -e \"s/($TAGS)/ warning: \\$1/\"\n";
		};
/* End PBXShellScriptBuildPhase section */

/* Begin PBXSourcesBuildPhase section */
		3600744B263AB73100C53715 /* Sources */ = {
			isa = PBXSourcesBuildPhase;
			buildActionMask = 2147483647;
			files = (
				909BA5CD264171E1000FFBD5 /* AppConfig.swift in Sources */,
				36007455263AB73100C53715 /* ContentView.swift in Sources */,
				36007453263AB73100C53715 /* TideAppApp.swift in Sources */,
			);
			runOnlyForDeploymentPostprocessing = 0;
		};
		3600745C263AB73400C53715 /* Sources */ = {
			isa = PBXSourcesBuildPhase;
			buildActionMask = 2147483647;
			files = (
				36007465263AB73400C53715 /* TideAppTests.swift in Sources */,
			);
			runOnlyForDeploymentPostprocessing = 0;
		};
		36007467263AB73400C53715 /* Sources */ = {
			isa = PBXSourcesBuildPhase;
			buildActionMask = 2147483647;
			files = (
				36007470263AB73400C53715 /* TideAppUITests.swift in Sources */,
			);
			runOnlyForDeploymentPostprocessing = 0;
		};
/* End PBXSourcesBuildPhase section */

/* Begin PBXTargetDependency section */
		36007462263AB73400C53715 /* PBXTargetDependency */ = {
			isa = PBXTargetDependency;
			target = 3600744E263AB73100C53715 /* TideApp */;
			targetProxy = 36007461263AB73400C53715 /* PBXContainerItemProxy */;
		};
		3600746D263AB73400C53715 /* PBXTargetDependency */ = {
			isa = PBXTargetDependency;
			target = 3600744E263AB73100C53715 /* TideApp */;
			targetProxy = 3600746C263AB73400C53715 /* PBXContainerItemProxy */;
		};
/* End PBXTargetDependency section */

/* Begin XCBuildConfiguration section */
		36007472263AB73400C53715 /* Debug */ = {
			isa = XCBuildConfiguration;
			baseConfigurationReference = 909BA5C7264171E1000FFBD5 /* Mock.xcconfig */;
			buildSettings = {
				ALWAYS_SEARCH_USER_PATHS = NO;
				CLANG_ANALYZER_NONNULL = YES;
				CLANG_ANALYZER_NUMBER_OBJECT_CONVERSION = YES_AGGRESSIVE;
				CLANG_CXX_LANGUAGE_STANDARD = "gnu++14";
				CLANG_CXX_LIBRARY = "libc++";
				CLANG_ENABLE_MODULES = YES;
				CLANG_ENABLE_OBJC_ARC = YES;
				CLANG_ENABLE_OBJC_WEAK = YES;
				CLANG_WARN_BLOCK_CAPTURE_AUTORELEASING = YES;
				CLANG_WARN_BOOL_CONVERSION = YES;
				CLANG_WARN_COMMA = YES;
				CLANG_WARN_CONSTANT_CONVERSION = YES;
				CLANG_WARN_DEPRECATED_OBJC_IMPLEMENTATIONS = YES;
				CLANG_WARN_DIRECT_OBJC_ISA_USAGE = YES_ERROR;
				CLANG_WARN_DOCUMENTATION_COMMENTS = YES;
				CLANG_WARN_EMPTY_BODY = YES;
				CLANG_WARN_ENUM_CONVERSION = YES;
				CLANG_WARN_INFINITE_RECURSION = YES;
				CLANG_WARN_INT_CONVERSION = YES;
				CLANG_WARN_NON_LITERAL_NULL_CONVERSION = YES;
				CLANG_WARN_OBJC_IMPLICIT_RETAIN_SELF = YES;
				CLANG_WARN_OBJC_LITERAL_CONVERSION = YES;
				CLANG_WARN_OBJC_ROOT_CLASS = YES_ERROR;
				CLANG_WARN_QUOTED_INCLUDE_IN_FRAMEWORK_HEADER = YES;
				CLANG_WARN_RANGE_LOOP_ANALYSIS = YES;
				CLANG_WARN_STRICT_PROTOTYPES = YES;
				CLANG_WARN_SUSPICIOUS_MOVE = YES;
				CLANG_WARN_UNGUARDED_AVAILABILITY = YES_AGGRESSIVE;
				CLANG_WARN_UNREACHABLE_CODE = YES;
				CLANG_WARN__DUPLICATE_METHOD_MATCH = YES;
				COPY_PHASE_STRIP = NO;
				DEBUG_INFORMATION_FORMAT = dwarf;
				ENABLE_STRICT_OBJC_MSGSEND = YES;
				ENABLE_TESTABILITY = YES;
				GCC_C_LANGUAGE_STANDARD = gnu11;
				GCC_DYNAMIC_NO_PIC = NO;
				GCC_NO_COMMON_BLOCKS = YES;
				GCC_OPTIMIZATION_LEVEL = 0;
				GCC_PREPROCESSOR_DEFINITIONS = (
					"DEBUG=1",
					"$(inherited)",
				);
				GCC_WARN_64_TO_32_BIT_CONVERSION = YES;
				GCC_WARN_ABOUT_RETURN_TYPE = YES_ERROR;
				GCC_WARN_UNDECLARED_SELECTOR = YES;
				GCC_WARN_UNINITIALIZED_AUTOS = YES_AGGRESSIVE;
				GCC_WARN_UNUSED_FUNCTION = YES;
				GCC_WARN_UNUSED_VARIABLE = YES;
				IPHONEOS_DEPLOYMENT_TARGET = 14.5;
				MTL_ENABLE_DEBUG_INFO = INCLUDE_SOURCE;
				MTL_FAST_MATH = YES;
				ONLY_ACTIVE_ARCH = YES;
				SDKROOT = iphoneos;
				SWIFT_ACTIVE_COMPILATION_CONDITIONS = DEBUG;
				SWIFT_OPTIMIZATION_LEVEL = "-Onone";
			};
			name = Debug;
		};
		36007473263AB73400C53715 /* Release */ = {
			isa = XCBuildConfiguration;
			baseConfigurationReference = 909BA5CB264171E1000FFBD5 /* Prod.xcconfig */;
			buildSettings = {
				ALWAYS_SEARCH_USER_PATHS = NO;
				CLANG_ANALYZER_NONNULL = YES;
				CLANG_ANALYZER_NUMBER_OBJECT_CONVERSION = YES_AGGRESSIVE;
				CLANG_CXX_LANGUAGE_STANDARD = "gnu++14";
				CLANG_CXX_LIBRARY = "libc++";
				CLANG_ENABLE_MODULES = YES;
				CLANG_ENABLE_OBJC_ARC = YES;
				CLANG_ENABLE_OBJC_WEAK = YES;
				CLANG_WARN_BLOCK_CAPTURE_AUTORELEASING = YES;
				CLANG_WARN_BOOL_CONVERSION = YES;
				CLANG_WARN_COMMA = YES;
				CLANG_WARN_CONSTANT_CONVERSION = YES;
				CLANG_WARN_DEPRECATED_OBJC_IMPLEMENTATIONS = YES;
				CLANG_WARN_DIRECT_OBJC_ISA_USAGE = YES_ERROR;
				CLANG_WARN_DOCUMENTATION_COMMENTS = YES;
				CLANG_WARN_EMPTY_BODY = YES;
				CLANG_WARN_ENUM_CONVERSION = YES;
				CLANG_WARN_INFINITE_RECURSION = YES;
				CLANG_WARN_INT_CONVERSION = YES;
				CLANG_WARN_NON_LITERAL_NULL_CONVERSION = YES;
				CLANG_WARN_OBJC_IMPLICIT_RETAIN_SELF = YES;
				CLANG_WARN_OBJC_LITERAL_CONVERSION = YES;
				CLANG_WARN_OBJC_ROOT_CLASS = YES_ERROR;
				CLANG_WARN_QUOTED_INCLUDE_IN_FRAMEWORK_HEADER = YES;
				CLANG_WARN_RANGE_LOOP_ANALYSIS = YES;
				CLANG_WARN_STRICT_PROTOTYPES = YES;
				CLANG_WARN_SUSPICIOUS_MOVE = YES;
				CLANG_WARN_UNGUARDED_AVAILABILITY = YES_AGGRESSIVE;
				CLANG_WARN_UNREACHABLE_CODE = YES;
				CLANG_WARN__DUPLICATE_METHOD_MATCH = YES;
				COPY_PHASE_STRIP = NO;
				DEBUG_INFORMATION_FORMAT = "dwarf-with-dsym";
				ENABLE_NS_ASSERTIONS = NO;
				ENABLE_STRICT_OBJC_MSGSEND = YES;
				GCC_C_LANGUAGE_STANDARD = gnu11;
				GCC_NO_COMMON_BLOCKS = YES;
				GCC_WARN_64_TO_32_BIT_CONVERSION = YES;
				GCC_WARN_ABOUT_RETURN_TYPE = YES_ERROR;
				GCC_WARN_UNDECLARED_SELECTOR = YES;
				GCC_WARN_UNINITIALIZED_AUTOS = YES_AGGRESSIVE;
				GCC_WARN_UNUSED_FUNCTION = YES;
				GCC_WARN_UNUSED_VARIABLE = YES;
				IPHONEOS_DEPLOYMENT_TARGET = 14.5;
				MTL_ENABLE_DEBUG_INFO = NO;
				MTL_FAST_MATH = YES;
				SDKROOT = iphoneos;
				SWIFT_COMPILATION_MODE = wholemodule;
				SWIFT_OPTIMIZATION_LEVEL = "-O";
				VALIDATE_PRODUCT = YES;
			};
			name = Release;
		};
		36007475263AB73400C53715 /* Debug */ = {
			isa = XCBuildConfiguration;
			buildSettings = {
				ASSETCATALOG_COMPILER_APPICON_NAME = AppIcon;
				ASSETCATALOG_COMPILER_GLOBAL_ACCENT_COLOR_NAME = AccentColor;
				CODE_SIGN_STYLE = Automatic;
				DEVELOPMENT_ASSET_PATHS = "\"TideApp/Preview Content\"";
				DEVELOPMENT_TEAM = 3GF9WCSXRZ;
				ENABLE_PREVIEWS = YES;
				INFOPLIST_FILE = TideApp/Configs/Info.plist;
				IPHONEOS_DEPLOYMENT_TARGET = 14.0;
				LD_RUNPATH_SEARCH_PATHS = (
					"$(inherited)",
					"@executable_path/Frameworks",
				);
				PRODUCT_BUNDLE_IDENTIFIER = com.kinandcarta.TideApp;
				PRODUCT_NAME = "$(TARGET_NAME)";
				SWIFT_VERSION = 5.0;
				TARGETED_DEVICE_FAMILY = "1,2";
			};
			name = Debug;
		};
		36007476263AB73400C53715 /* Release */ = {
			isa = XCBuildConfiguration;
			buildSettings = {
				ASSETCATALOG_COMPILER_APPICON_NAME = AppIcon;
				ASSETCATALOG_COMPILER_GLOBAL_ACCENT_COLOR_NAME = AccentColor;
				CODE_SIGN_STYLE = Automatic;
				DEVELOPMENT_ASSET_PATHS = "\"TideApp/Preview Content\"";
				DEVELOPMENT_TEAM = 3GF9WCSXRZ;
				ENABLE_PREVIEWS = YES;
				INFOPLIST_FILE = TideApp/Configs/Info.plist;
				IPHONEOS_DEPLOYMENT_TARGET = 14.0;
				LD_RUNPATH_SEARCH_PATHS = (
					"$(inherited)",
					"@executable_path/Frameworks",
				);
				PRODUCT_BUNDLE_IDENTIFIER = com.kinandcarta.TideApp;
				PRODUCT_NAME = "$(TARGET_NAME)";
				SWIFT_VERSION = 5.0;
				TARGETED_DEVICE_FAMILY = "1,2";
			};
			name = Release;
		};
		36007478263AB73400C53715 /* Debug */ = {
			isa = XCBuildConfiguration;
			buildSettings = {
				ALWAYS_EMBED_SWIFT_STANDARD_LIBRARIES = YES;
				BUNDLE_LOADER = "$(TEST_HOST)";
				CODE_SIGN_STYLE = Automatic;
				DEVELOPMENT_TEAM = 3GF9WCSXRZ;
				INFOPLIST_FILE = TideAppTests/Info.plist;
				IPHONEOS_DEPLOYMENT_TARGET = 14.0;
				LD_RUNPATH_SEARCH_PATHS = (
					"$(inherited)",
					"@executable_path/Frameworks",
					"@loader_path/Frameworks",
				);
				PRODUCT_BUNDLE_IDENTIFIER = com.kinandcarta.TideAppTests;
				PRODUCT_NAME = "$(TARGET_NAME)";
				SWIFT_VERSION = 5.0;
				TARGETED_DEVICE_FAMILY = "1,2";
				TEST_HOST = "$(BUILT_PRODUCTS_DIR)/TideApp.app/TideApp";
			};
			name = Debug;
		};
		36007479263AB73400C53715 /* Release */ = {
			isa = XCBuildConfiguration;
			buildSettings = {
				ALWAYS_EMBED_SWIFT_STANDARD_LIBRARIES = YES;
				BUNDLE_LOADER = "$(TEST_HOST)";
				CODE_SIGN_STYLE = Automatic;
				DEVELOPMENT_TEAM = 3GF9WCSXRZ;
				INFOPLIST_FILE = TideAppTests/Info.plist;
				IPHONEOS_DEPLOYMENT_TARGET = 14.0;
				LD_RUNPATH_SEARCH_PATHS = (
					"$(inherited)",
					"@executable_path/Frameworks",
					"@loader_path/Frameworks",
				);
				PRODUCT_BUNDLE_IDENTIFIER = com.kinandcarta.TideAppTests;
				PRODUCT_NAME = "$(TARGET_NAME)";
				SWIFT_VERSION = 5.0;
				TARGETED_DEVICE_FAMILY = "1,2";
				TEST_HOST = "$(BUILT_PRODUCTS_DIR)/TideApp.app/TideApp";
			};
			name = Release;
		};
		3600747B263AB73400C53715 /* Debug */ = {
			isa = XCBuildConfiguration;
			buildSettings = {
				ALWAYS_EMBED_SWIFT_STANDARD_LIBRARIES = YES;
				CODE_SIGN_STYLE = Automatic;
				DEVELOPMENT_TEAM = 3GF9WCSXRZ;
				INFOPLIST_FILE = TideAppUITests/Info.plist;
				LD_RUNPATH_SEARCH_PATHS = (
					"$(inherited)",
					"@executable_path/Frameworks",
					"@loader_path/Frameworks",
				);
				PRODUCT_BUNDLE_IDENTIFIER = com.kinandcarta.TideAppUITests;
				PRODUCT_NAME = "$(TARGET_NAME)";
				SWIFT_VERSION = 5.0;
				TARGETED_DEVICE_FAMILY = "1,2";
				TEST_TARGET_NAME = TideApp;
			};
			name = Debug;
		};
		3600747C263AB73400C53715 /* Release */ = {
			isa = XCBuildConfiguration;
			buildSettings = {
				ALWAYS_EMBED_SWIFT_STANDARD_LIBRARIES = YES;
				CODE_SIGN_STYLE = Automatic;
				DEVELOPMENT_TEAM = 3GF9WCSXRZ;
				INFOPLIST_FILE = TideAppUITests/Info.plist;
				LD_RUNPATH_SEARCH_PATHS = (
					"$(inherited)",
					"@executable_path/Frameworks",
					"@loader_path/Frameworks",
				);
				PRODUCT_BUNDLE_IDENTIFIER = com.kinandcarta.TideAppUITests;
				PRODUCT_NAME = "$(TARGET_NAME)";
				SWIFT_VERSION = 5.0;
				TARGETED_DEVICE_FAMILY = "1,2";
				TEST_TARGET_NAME = TideApp;
			};
			name = Release;
		};
		909BA5D4264173CA000FFBD5 /* Mock */ = {
			isa = XCBuildConfiguration;
			baseConfigurationReference = 909BA5C7264171E1000FFBD5 /* Mock.xcconfig */;
			buildSettings = {
				ALWAYS_SEARCH_USER_PATHS = NO;
				CLANG_ANALYZER_NONNULL = YES;
				CLANG_ANALYZER_NUMBER_OBJECT_CONVERSION = YES_AGGRESSIVE;
				CLANG_CXX_LANGUAGE_STANDARD = "gnu++14";
				CLANG_CXX_LIBRARY = "libc++";
				CLANG_ENABLE_MODULES = YES;
				CLANG_ENABLE_OBJC_ARC = YES;
				CLANG_ENABLE_OBJC_WEAK = YES;
				CLANG_WARN_BLOCK_CAPTURE_AUTORELEASING = YES;
				CLANG_WARN_BOOL_CONVERSION = YES;
				CLANG_WARN_COMMA = YES;
				CLANG_WARN_CONSTANT_CONVERSION = YES;
				CLANG_WARN_DEPRECATED_OBJC_IMPLEMENTATIONS = YES;
				CLANG_WARN_DIRECT_OBJC_ISA_USAGE = YES_ERROR;
				CLANG_WARN_DOCUMENTATION_COMMENTS = YES;
				CLANG_WARN_EMPTY_BODY = YES;
				CLANG_WARN_ENUM_CONVERSION = YES;
				CLANG_WARN_INFINITE_RECURSION = YES;
				CLANG_WARN_INT_CONVERSION = YES;
				CLANG_WARN_NON_LITERAL_NULL_CONVERSION = YES;
				CLANG_WARN_OBJC_IMPLICIT_RETAIN_SELF = YES;
				CLANG_WARN_OBJC_LITERAL_CONVERSION = YES;
				CLANG_WARN_OBJC_ROOT_CLASS = YES_ERROR;
				CLANG_WARN_QUOTED_INCLUDE_IN_FRAMEWORK_HEADER = YES;
				CLANG_WARN_RANGE_LOOP_ANALYSIS = YES;
				CLANG_WARN_STRICT_PROTOTYPES = YES;
				CLANG_WARN_SUSPICIOUS_MOVE = YES;
				CLANG_WARN_UNGUARDED_AVAILABILITY = YES_AGGRESSIVE;
				CLANG_WARN_UNREACHABLE_CODE = YES;
				CLANG_WARN__DUPLICATE_METHOD_MATCH = YES;
				COPY_PHASE_STRIP = NO;
				DEBUG_INFORMATION_FORMAT = dwarf;
				ENABLE_STRICT_OBJC_MSGSEND = YES;
				ENABLE_TESTABILITY = YES;
				GCC_C_LANGUAGE_STANDARD = gnu11;
				GCC_DYNAMIC_NO_PIC = NO;
				GCC_NO_COMMON_BLOCKS = YES;
				GCC_OPTIMIZATION_LEVEL = 0;
				GCC_PREPROCESSOR_DEFINITIONS = (
					"DEBUG=1",
					"$(inherited)",
				);
				GCC_WARN_64_TO_32_BIT_CONVERSION = YES;
				GCC_WARN_ABOUT_RETURN_TYPE = YES_ERROR;
				GCC_WARN_UNDECLARED_SELECTOR = YES;
				GCC_WARN_UNINITIALIZED_AUTOS = YES_AGGRESSIVE;
				GCC_WARN_UNUSED_FUNCTION = YES;
				GCC_WARN_UNUSED_VARIABLE = YES;
				IPHONEOS_DEPLOYMENT_TARGET = 14.5;
				MTL_ENABLE_DEBUG_INFO = INCLUDE_SOURCE;
				MTL_FAST_MATH = YES;
				ONLY_ACTIVE_ARCH = YES;
				SDKROOT = iphoneos;
				SWIFT_ACTIVE_COMPILATION_CONDITIONS = DEBUG;
				SWIFT_OPTIMIZATION_LEVEL = "-Onone";
			};
			name = Mock;
		};
		909BA5D5264173CA000FFBD5 /* Mock */ = {
			isa = XCBuildConfiguration;
			buildSettings = {
				ASSETCATALOG_COMPILER_APPICON_NAME = AppIcon;
				ASSETCATALOG_COMPILER_GLOBAL_ACCENT_COLOR_NAME = AccentColor;
				CODE_SIGN_STYLE = Automatic;
				DEVELOPMENT_ASSET_PATHS = "\"TideApp/Preview Content\"";
				DEVELOPMENT_TEAM = 3GF9WCSXRZ;
				ENABLE_PREVIEWS = YES;
				INFOPLIST_FILE = TideApp/Configs/Info.plist;
				IPHONEOS_DEPLOYMENT_TARGET = 14.0;
				LD_RUNPATH_SEARCH_PATHS = (
					"$(inherited)",
					"@executable_path/Frameworks",
				);
				PRODUCT_BUNDLE_IDENTIFIER = com.kinandcarta.TideApp;
				PRODUCT_NAME = "$(TARGET_NAME)";
				SWIFT_VERSION = 5.0;
				TARGETED_DEVICE_FAMILY = "1,2";
			};
			name = Mock;
		};
		909BA5D6264173CA000FFBD5 /* Mock */ = {
			isa = XCBuildConfiguration;
			buildSettings = {
				ALWAYS_EMBED_SWIFT_STANDARD_LIBRARIES = YES;
				BUNDLE_LOADER = "$(TEST_HOST)";
				CODE_SIGN_STYLE = Automatic;
				DEVELOPMENT_TEAM = 3GF9WCSXRZ;
				INFOPLIST_FILE = TideAppTests/Info.plist;
				IPHONEOS_DEPLOYMENT_TARGET = 14.0;
				LD_RUNPATH_SEARCH_PATHS = (
					"$(inherited)",
					"@executable_path/Frameworks",
					"@loader_path/Frameworks",
				);
				PRODUCT_BUNDLE_IDENTIFIER = com.kinandcarta.TideAppTests;
				PRODUCT_NAME = "$(TARGET_NAME)";
				SWIFT_VERSION = 5.0;
				TARGETED_DEVICE_FAMILY = "1,2";
				TEST_HOST = "$(BUILT_PRODUCTS_DIR)/TideApp.app/TideApp";
			};
			name = Mock;
		};
		909BA5D7264173CA000FFBD5 /* Mock */ = {
			isa = XCBuildConfiguration;
			buildSettings = {
				ALWAYS_EMBED_SWIFT_STANDARD_LIBRARIES = YES;
				CODE_SIGN_STYLE = Automatic;
				DEVELOPMENT_TEAM = 3GF9WCSXRZ;
				INFOPLIST_FILE = TideAppUITests/Info.plist;
				LD_RUNPATH_SEARCH_PATHS = (
					"$(inherited)",
					"@executable_path/Frameworks",
					"@loader_path/Frameworks",
				);
				PRODUCT_BUNDLE_IDENTIFIER = com.kinandcarta.TideAppUITests;
				PRODUCT_NAME = "$(TARGET_NAME)";
				SWIFT_VERSION = 5.0;
				TARGETED_DEVICE_FAMILY = "1,2";
				TEST_TARGET_NAME = TideApp;
			};
			name = Mock;
		};
/* End XCBuildConfiguration section */

/* Begin XCConfigurationList section */
		3600744A263AB73100C53715 /* Build configuration list for PBXProject "TideApp" */ = {
			isa = XCConfigurationList;
			buildConfigurations = (
				36007472263AB73400C53715 /* Debug */,
				909BA5D4264173CA000FFBD5 /* Mock */,
				36007473263AB73400C53715 /* Release */,
			);
			defaultConfigurationIsVisible = 0;
			defaultConfigurationName = Release;
		};
		36007474263AB73400C53715 /* Build configuration list for PBXNativeTarget "TideApp" */ = {
			isa = XCConfigurationList;
			buildConfigurations = (
				36007475263AB73400C53715 /* Debug */,
				909BA5D5264173CA000FFBD5 /* Mock */,
				36007476263AB73400C53715 /* Release */,
			);
			defaultConfigurationIsVisible = 0;
			defaultConfigurationName = Release;
		};
		36007477263AB73400C53715 /* Build configuration list for PBXNativeTarget "TideAppTests" */ = {
			isa = XCConfigurationList;
			buildConfigurations = (
				36007478263AB73400C53715 /* Debug */,
				909BA5D6264173CA000FFBD5 /* Mock */,
				36007479263AB73400C53715 /* Release */,
			);
			defaultConfigurationIsVisible = 0;
			defaultConfigurationName = Release;
		};
		3600747A263AB73400C53715 /* Build configuration list for PBXNativeTarget "TideAppUITests" */ = {
			isa = XCConfigurationList;
			buildConfigurations = (
				3600747B263AB73400C53715 /* Debug */,
				909BA5D7264173CA000FFBD5 /* Mock */,
				3600747C263AB73400C53715 /* Release */,
			);
			defaultConfigurationIsVisible = 0;
			defaultConfigurationName = Release;
		};
/* End XCConfigurationList section */
	};
	rootObject = 36007447263AB73100C53715 /* Project object */;
}
